
Microsoft Visual Studio Solution File, Format Version 12.00
# Visual Studio 15
VisualStudioVersion = 15.0.26730.12
MinimumVisualStudioVersion = 10.0.40219.1
Project("{FAE04EC0-301F-11D3-BF4B-00C04F79EFBC}") = "WunderProject", "WunderProject\WunderProject.csproj", "{F96E9A66-8631-46D3-AB31-627DA575EA8F}"
EndProject
Project("{9A19103F-16F7-4668-BE54-9A1E7A4F7556}") = "RBush", "..\..\..\..\Downloads\RBush-master\RBush\RBush.csproj", "{F03ADD3F-FE4C-4E98-A0C0-367810FEEF63}"
EndProject
Global
	GlobalSection(SolutionConfigurationPlatforms) = preSolution
		Debug|Any CPU = Debug|Any CPU
		Release|Any CPU = Release|Any CPU
	EndGlobalSection
	GlobalSection(ProjectConfigurationPlatforms) = postSolution
		{F96E9A66-8631-46D3-AB31-627DA575EA8F}.Debug|Any CPU.ActiveCfg = Debug|Any CPU
		{F96E9A66-8631-46D3-AB31-627DA575EA8F}.Debug|Any CPU.Build.0 = Debug|Any CPU
		{F96E9A66-8631-46D3-AB31-627DA575EA8F}.Release|Any CPU.ActiveCfg = Release|Any CPU
		{F96E9A66-8631-46D3-AB31-627DA575EA8F}.Release|Any CPU.Build.0 = Release|Any CPU
		{F03ADD3F-FE4C-4E98-A0C0-367810FEEF63}.Debug|Any CPU.ActiveCfg = Debug|Any CPU
		{F03ADD3F-FE4C-4E98-A0C0-367810FEEF63}.Debug|Any CPU.Build.0 = Debug|Any CPU
		{F03ADD3F-FE4C-4E98-A0C0-367810FEEF63}.Release|Any CPU.ActiveCfg = Release|Any CPU
		{F03ADD3F-FE4C-4E98-A0C0-367810FEEF63}.Release|Any CPU.Build.0 = Release|Any CPU
	EndGlobalSection
	GlobalSection(SolutionProperties) = preSolution
		HideSolutionNode = FALSE
	EndGlobalSection
	GlobalSection(ExtensibilityGlobals) = postSolution
		SolutionGuid = {EDA888ED-07A8-404A-9763-726C62CEB6A9}
	EndGlobalSection
EndGlobal
